
Microsoft Visual Studio Solution File, Format Version 12.00
# Visual Studio Version 16
VisualStudioVersion = 16.0.30621.155
MinimumVisualStudioVersion = 10.0.40219.1
Project("{FAE04EC0-301F-11D3-BF4B-00C04F79EFBC}") = "SecureBank", "SecureBank\SecureBank.csproj", "{5ED163F3-7C93-4D3B-A08E-2CFB5FCFE5D9}"
EndProject
Global
	GlobalSection(SolutionConfigurationPlatforms) = preSolution
		Debug|Any CPU = Debug|Any CPU
		Release|Any CPU = Release|Any CPU
	EndGlobalSection
	GlobalSection(ProjectConfigurationPlatforms) = postSolution
		{5ED163F3-7C93-4D3B-A08E-2CFB5FCFE5D9}.Debug|Any CPU.ActiveCfg = Debug|Any CPU
		{5ED163F3-7C93-4D3B-A08E-2CFB5FCFE5D9}.Debug|Any CPU.Build.0 = Debug|Any CPU
		{5ED163F3-7C93-4D3B-A08E-2CFB5FCFE5D9}.Release|Any CPU.ActiveCfg = Release|Any CPU
		{5ED163F3-7C93-4D3B-A08E-2CFB5FCFE5D9}.Release|Any CPU.Build.0 = Release|Any CPU
	EndGlobalSection
	GlobalSection(SolutionProperties) = preSolution
		HideSolutionNode = FALSE
	EndGlobalSection
	GlobalSection(ExtensibilityGlobals) = postSolution
		SolutionGuid = {125D2331-678C-4EDA-A3C6-30A844C745B7}
	EndGlobalSection
EndGlobal
